
Microsoft Visual Studio Solution File, Format Version 12.00
# Visual Studio Version 17
VisualStudioVersion = 17.3.32901.215
MinimumVisualStudioVersion = 10.0.40219.1
Project("{8BC9CEB8-8B4A-11D0-8D11-00A0C91BC942}") = "6", "6\6.vcxproj", "{3DE6B1E2-4DC1-45B4-8DA9-6FEFA2911788}"
EndProject
Global
	GlobalSection(SolutionConfigurationPlatforms) = preSolution
		Debug|x64 = Debug|x64
		Debug|x86 = Debug|x86
		Release|x64 = Release|x64
		Release|x86 = Release|x86
	EndGlobalSection
	GlobalSection(ProjectConfigurationPlatforms) = postSolution
		{3DE6B1E2-4DC1-45B4-8DA9-6FEFA2911788}.Debug|x64.ActiveCfg = Debug|x64
		{3DE6B1E2-4DC1-45B4-8DA9-6FEFA2911788}.Debug|x64.Build.0 = Debug|x64
		{3DE6B1E2-4DC1-45B4-8DA9-6FEFA2911788}.Debug|x86.ActiveCfg = Debug|Win32
		{3DE6B1E2-4DC1-45B4-8DA9-6FEFA2911788}.Debug|x86.Build.0 = Debug|Win32
		{3DE6B1E2-4DC1-45B4-8DA9-6FEFA2911788}.Release|x64.ActiveCfg = Release|x64
		{3DE6B1E2-4DC1-45B4-8DA9-6FEFA2911788}.Release|x64.Build.0 = Release|x64
		{3DE6B1E2-4DC1-45B4-8DA9-6FEFA2911788}.Release|x86.ActiveCfg = Release|Win32
		{3DE6B1E2-4DC1-45B4-8DA9-6FEFA2911788}.Release|x86.Build.0 = Release|Win32
	EndGlobalSection
	GlobalSection(SolutionProperties) = preSolution
		HideSolutionNode = FALSE
	EndGlobalSection
	GlobalSection(ExtensibilityGlobals) = postSolution
		SolutionGuid = {829AB639-AB96-4298-9D87-044D6101D76E}
	EndGlobalSection
EndGlobal
